
Microsoft Visual Studio Solution File, Format Version 12.00
# Visual Studio Version 17
VisualStudioVersion = 17.11.35219.272
MinimumVisualStudioVersion = 10.0.40219.1
Project("{8BC9CEB8-8B4A-11D0-8D11-00A0C91BC942}") = "Select_Model_Socket", "Select_Model_Socket\Select_Model_Socket.vcxproj", "{9338E944-3671-4A0E-944B-FD6D6FE19BF7}"
EndProject
Project("{8BC9CEB8-8B4A-11D0-8D11-00A0C91BC942}") = "Dummy_client", "Dummy_client\Dummy_client.vcxproj", "{D80E180B-4D09-4824-9CE5-E6B2955EF782}"
EndProject
Global
	GlobalSection(SolutionConfigurationPlatforms) = preSolution
		Debug|x64 = Debug|x64
		Debug|x86 = Debug|x86
		Release|x64 = Release|x64
		Release|x86 = Release|x86
	EndGlobalSection
	GlobalSection(ProjectConfigurationPlatforms) = postSolution
		{9338E944-3671-4A0E-944B-FD6D6FE19BF7}.Debug|x64.ActiveCfg = Debug|x64
		{9338E944-3671-4A0E-944B-FD6D6FE19BF7}.Debug|x64.Build.0 = Debug|x64
		{9338E944-3671-4A0E-944B-FD6D6FE19BF7}.Debug|x86.ActiveCfg = Debug|Win32
		{9338E944-3671-4A0E-944B-FD6D6FE19BF7}.Debug|x86.Build.0 = Debug|Win32
		{9338E944-3671-4A0E-944B-FD6D6FE19BF7}.Release|x64.ActiveCfg = Release|x64
		{9338E944-3671-4A0E-944B-FD6D6FE19BF7}.Release|x64.Build.0 = Release|x64
		{9338E944-3671-4A0E-944B-FD6D6FE19BF7}.Release|x86.ActiveCfg = Release|Win32
		{9338E944-3671-4A0E-944B-FD6D6FE19BF7}.Release|x86.Build.0 = Release|Win32
		{D80E180B-4D09-4824-9CE5-E6B2955EF782}.Debug|x64.ActiveCfg = Debug|x64
		{D80E180B-4D09-4824-9CE5-E6B2955EF782}.Debug|x64.Build.0 = Debug|x64
		{D80E180B-4D09-4824-9CE5-E6B2955EF782}.Debug|x86.ActiveCfg = Debug|Win32
		{D80E180B-4D09-4824-9CE5-E6B2955EF782}.Debug|x86.Build.0 = Debug|Win32
		{D80E180B-4D09-4824-9CE5-E6B2955EF782}.Release|x64.ActiveCfg = Release|x64
		{D80E180B-4D09-4824-9CE5-E6B2955EF782}.Release|x64.Build.0 = Release|x64
		{D80E180B-4D09-4824-9CE5-E6B2955EF782}.Release|x86.ActiveCfg = Release|Win32
		{D80E180B-4D09-4824-9CE5-E6B2955EF782}.Release|x86.Build.0 = Release|Win32
	EndGlobalSection
	GlobalSection(SolutionProperties) = preSolution
		HideSolutionNode = FALSE
	EndGlobalSection
	GlobalSection(ExtensibilityGlobals) = postSolution
		SolutionGuid = {CE23B0DD-B0B6-43C2-B33E-A1E3665A3358}
	EndGlobalSection
EndGlobal
